// !$*UTF8*$!
{
	archiveVersion = 1;
	classes = {
	};
	objectVersion = 52;
	objects = {

/* Begin PBXBuildFile section */
		D62CF7D4265560410019B3DB /* AppDelegate.swift in Sources */ = {isa = PBXBuildFile; fileRef = D62CF7D3265560410019B3DB /* AppDelegate.swift */; };
		D62CF7D6265560410019B3DB /* SceneDelegate.swift in Sources */ = {isa = PBXBuildFile; fileRef = D62CF7D5265560410019B3DB /* SceneDelegate.swift */; };
		D62CF7DD265560430019B3DB /* Assets.xcassets in Resources */ = {isa = PBXBuildFile; fileRef = D62CF7DC265560430019B3DB /* Assets.xcassets */; };
		D62CF7E0265560430019B3DB /* LaunchScreen.storyboard in Resources */ = {isa = PBXBuildFile; fileRef = D62CF7DE265560430019B3DB /* LaunchScreen.storyboard */; };
		D62CF7EB265560440019B3DB /* ContactClientsTests.swift in Sources */ = {isa = PBXBuildFile; fileRef = D62CF7EA265560440019B3DB /* ContactClientsTests.swift */; };
		D62CF7F6265560440019B3DB /* ContactClientsUITests.swift in Sources */ = {isa = PBXBuildFile; fileRef = D62CF7F5265560440019B3DB /* ContactClientsUITests.swift */; };
		D62CF80D26556B420019B3DB /* RealmSwift in Frameworks */ = {isa = PBXBuildFile; productRef = D62CF80C26556B420019B3DB /* RealmSwift */; };
		D62CF81B26557AC30019B3DB /* Localizable.strings in Resources */ = {isa = PBXBuildFile; fileRef = D62CF81A26557AC30019B3DB /* Localizable.strings */; };
		D62CF82726558A760019B3DB /* ClientDTO.swift in Sources */ = {isa = PBXBuildFile; fileRef = D62CF82626558A760019B3DB /* ClientDTO.swift */; };
		D62CF82926558B880019B3DB /* AddressDTO.swift in Sources */ = {isa = PBXBuildFile; fileRef = D62CF82826558B880019B3DB /* AddressDTO.swift */; };
		D62CF82D26558CB30019B3DB /* DataManager.swift in Sources */ = {isa = PBXBuildFile; fileRef = D62CF82C26558CB30019B3DB /* DataManager.swift */; };
		D62CF82F26558CF70019B3DB /* RealmDataManager.swift in Sources */ = {isa = PBXBuildFile; fileRef = D62CF82E26558CF70019B3DB /* RealmDataManager.swift */; };
		D62CF83226558E000019B3DB /* RealmProvider.swift in Sources */ = {isa = PBXBuildFile; fileRef = D62CF83126558E000019B3DB /* RealmProvider.swift */; };
		D62CF83426558E3A0019B3DB /* MapperProtocol.swift in Sources */ = {isa = PBXBuildFile; fileRef = D62CF83326558E3A0019B3DB /* MapperProtocol.swift */; };
		D62CF83726558F990019B3DB /* Client.swift in Sources */ = {isa = PBXBuildFile; fileRef = D62CF83626558F990019B3DB /* Client.swift */; };
		D62CF8392655904D0019B3DB /* Address.swift in Sources */ = {isa = PBXBuildFile; fileRef = D62CF8382655904D0019B3DB /* Address.swift */; };
		D62CF83B265594810019B3DB /* BaseRepository.swift in Sources */ = {isa = PBXBuildFile; fileRef = D62CF83A265594810019B3DB /* BaseRepository.swift */; };
		D62CF8422655A4D00019B3DB /* UIView+Extensions.swift in Sources */ = {isa = PBXBuildFile; fileRef = D62CF83F2655A4D00019B3DB /* UIView+Extensions.swift */; };
		D62CF8432655A4D00019B3DB /* String+Extensions.swift in Sources */ = {isa = PBXBuildFile; fileRef = D62CF8402655A4D00019B3DB /* String+Extensions.swift */; };
		D62CF8442655A4D00019B3DB /* UIColor+Extensions.swift in Sources */ = {isa = PBXBuildFile; fileRef = D62CF8412655A4D00019B3DB /* UIColor+Extensions.swift */; };
		D62CF8472655A4F00019B3DB /* NewContactViewModel.swift in Sources */ = {isa = PBXBuildFile; fileRef = D62CF8452655A4F00019B3DB /* NewContactViewModel.swift */; };
		D62CF8482655A4F00019B3DB /* NewContactView.swift in Sources */ = {isa = PBXBuildFile; fileRef = D62CF8462655A4F00019B3DB /* NewContactView.swift */; };
		D62CF84B2655A5080019B3DB /* ContactListViewModel.swift in Sources */ = {isa = PBXBuildFile; fileRef = D62CF8492655A5070019B3DB /* ContactListViewModel.swift */; };
		D62CF84C2655A5080019B3DB /* ContactListView.swift in Sources */ = {isa = PBXBuildFile; fileRef = D62CF84A2655A5070019B3DB /* ContactListView.swift */; };
		D62CF8512655A54F0019B3DB /* ContactDetailsView.swift in Sources */ = {isa = PBXBuildFile; fileRef = D62CF84F2655A54F0019B3DB /* ContactDetailsView.swift */; };
		D62CF8522655A54F0019B3DB /* ContactDetailViewModel.swift in Sources */ = {isa = PBXBuildFile; fileRef = D62CF8502655A54F0019B3DB /* ContactDetailViewModel.swift */; };
/* End PBXBuildFile section */

/* Begin PBXContainerItemProxy section */
		D62CF7E7265560440019B3DB /* PBXContainerItemProxy */ = {
			isa = PBXContainerItemProxy;
			containerPortal = D62CF7C8265560410019B3DB /* Project object */;
			proxyType = 1;
			remoteGlobalIDString = D62CF7CF265560410019B3DB;
			remoteInfo = ContactClients;
		};
		D62CF7F2265560440019B3DB /* PBXContainerItemProxy */ = {
			isa = PBXContainerItemProxy;
			containerPortal = D62CF7C8265560410019B3DB /* Project object */;
			proxyType = 1;
			remoteGlobalIDString = D62CF7CF265560410019B3DB;
			remoteInfo = ContactClients;
		};
/* End PBXContainerItemProxy section */

/* Begin PBXFileReference section */
		D62CF7D0265560410019B3DB /* ContactClients.app */ = {isa = PBXFileReference; explicitFileType = wrapper.application; includeInIndex = 0; path = ContactClients.app; sourceTree = BUILT_PRODUCTS_DIR; };
		D62CF7D3265560410019B3DB /* AppDelegate.swift */ = {isa = PBXFileReference; lastKnownFileType = sourcecode.swift; path = AppDelegate.swift; sourceTree = "<group>"; };
		D62CF7D5265560410019B3DB /* SceneDelegate.swift */ = {isa = PBXFileReference; lastKnownFileType = sourcecode.swift; path = SceneDelegate.swift; sourceTree = "<group>"; };
		D62CF7DC265560430019B3DB /* Assets.xcassets */ = {isa = PBXFileReference; lastKnownFileType = folder.assetcatalog; path = Assets.xcassets; sourceTree = "<group>"; };
		D62CF7DF265560430019B3DB /* Base */ = {isa = PBXFileReference; lastKnownFileType = file.storyboard; name = Base; path = Base.lproj/LaunchScreen.storyboard; sourceTree = "<group>"; };
		D62CF7E1265560430019B3DB /* Info.plist */ = {isa = PBXFileReference; lastKnownFileType = text.plist.xml; path = Info.plist; sourceTree = "<group>"; };
		D62CF7E6265560440019B3DB /* ContactClientsTests.xctest */ = {isa = PBXFileReference; explicitFileType = wrapper.cfbundle; includeInIndex = 0; path = ContactClientsTests.xctest; sourceTree = BUILT_PRODUCTS_DIR; };
		D62CF7EA265560440019B3DB /* ContactClientsTests.swift */ = {isa = PBXFileReference; lastKnownFileType = sourcecode.swift; path = ContactClientsTests.swift; sourceTree = "<group>"; };
		D62CF7EC265560440019B3DB /* Info.plist */ = {isa = PBXFileReference; lastKnownFileType = text.plist.xml; path = Info.plist; sourceTree = "<group>"; };
		D62CF7F1265560440019B3DB /* ContactClientsUITests.xctest */ = {isa = PBXFileReference; explicitFileType = wrapper.cfbundle; includeInIndex = 0; path = ContactClientsUITests.xctest; sourceTree = BUILT_PRODUCTS_DIR; };
		D62CF7F5265560440019B3DB /* ContactClientsUITests.swift */ = {isa = PBXFileReference; lastKnownFileType = sourcecode.swift; path = ContactClientsUITests.swift; sourceTree = "<group>"; };
		D62CF7F7265560440019B3DB /* Info.plist */ = {isa = PBXFileReference; lastKnownFileType = text.plist.xml; path = Info.plist; sourceTree = "<group>"; };
		D62CF81A26557AC30019B3DB /* Localizable.strings */ = {isa = PBXFileReference; lastKnownFileType = text.plist.strings; path = Localizable.strings; sourceTree = "<group>"; };
		D62CF82626558A760019B3DB /* ClientDTO.swift */ = {isa = PBXFileReference; lastKnownFileType = sourcecode.swift; path = ClientDTO.swift; sourceTree = "<group>"; };
		D62CF82826558B880019B3DB /* AddressDTO.swift */ = {isa = PBXFileReference; lastKnownFileType = sourcecode.swift; path = AddressDTO.swift; sourceTree = "<group>"; };
		D62CF82C26558CB30019B3DB /* DataManager.swift */ = {isa = PBXFileReference; lastKnownFileType = sourcecode.swift; path = DataManager.swift; sourceTree = "<group>"; };
		D62CF82E26558CF70019B3DB /* RealmDataManager.swift */ = {isa = PBXFileReference; lastKnownFileType = sourcecode.swift; path = RealmDataManager.swift; sourceTree = "<group>"; };
		D62CF83126558E000019B3DB /* RealmProvider.swift */ = {isa = PBXFileReference; lastKnownFileType = sourcecode.swift; path = RealmProvider.swift; sourceTree = "<group>"; };
		D62CF83326558E3A0019B3DB /* MapperProtocol.swift */ = {isa = PBXFileReference; lastKnownFileType = sourcecode.swift; path = MapperProtocol.swift; sourceTree = "<group>"; };
		D62CF83626558F990019B3DB /* Client.swift */ = {isa = PBXFileReference; lastKnownFileType = sourcecode.swift; path = Client.swift; sourceTree = "<group>"; };
		D62CF8382655904D0019B3DB /* Address.swift */ = {isa = PBXFileReference; lastKnownFileType = sourcecode.swift; path = Address.swift; sourceTree = "<group>"; };
		D62CF83A265594810019B3DB /* BaseRepository.swift */ = {isa = PBXFileReference; lastKnownFileType = sourcecode.swift; path = BaseRepository.swift; sourceTree = "<group>"; };
		D62CF83F2655A4D00019B3DB /* UIView+Extensions.swift */ = {isa = PBXFileReference; fileEncoding = 4; lastKnownFileType = sourcecode.swift; name = "UIView+Extensions.swift"; path = "Utils/UIView+Extensions.swift"; sourceTree = "<group>"; };
		D62CF8402655A4D00019B3DB /* String+Extensions.swift */ = {isa = PBXFileReference; fileEncoding = 4; lastKnownFileType = sourcecode.swift; name = "String+Extensions.swift"; path = "Utils/String+Extensions.swift"; sourceTree = "<group>"; };
		D62CF8412655A4D00019B3DB /* UIColor+Extensions.swift */ = {isa = PBXFileReference; fileEncoding = 4; lastKnownFileType = sourcecode.swift; name = "UIColor+Extensions.swift"; path = "Utils/UIColor+Extensions.swift"; sourceTree = "<group>"; };
		D62CF8452655A4F00019B3DB /* NewContactViewModel.swift */ = {isa = PBXFileReference; fileEncoding = 4; lastKnownFileType = sourcecode.swift; path = NewContactViewModel.swift; sourceTree = "<group>"; };
		D62CF8462655A4F00019B3DB /* NewContactView.swift */ = {isa = PBXFileReference; fileEncoding = 4; lastKnownFileType = sourcecode.swift; path = NewContactView.swift; sourceTree = "<group>"; };
		D62CF8492655A5070019B3DB /* ContactListViewModel.swift */ = {isa = PBXFileReference; fileEncoding = 4; lastKnownFileType = sourcecode.swift; name = ContactListViewModel.swift; path = ContactClients/Scenes/ContactListViewModel.swift; sourceTree = SOURCE_ROOT; };
		D62CF84A2655A5070019B3DB /* ContactListView.swift */ = {isa = PBXFileReference; fileEncoding = 4; lastKnownFileType = sourcecode.swift; name = ContactListView.swift; path = ContactClients/Scenes/ContactListView.swift; sourceTree = SOURCE_ROOT; };
		D62CF84F2655A54F0019B3DB /* ContactDetailsView.swift */ = {isa = PBXFileReference; fileEncoding = 4; lastKnownFileType = sourcecode.swift; path = ContactDetailsView.swift; sourceTree = "<group>"; };
		D62CF8502655A54F0019B3DB /* ContactDetailViewModel.swift */ = {isa = PBXFileReference; fileEncoding = 4; lastKnownFileType = sourcecode.swift; path = ContactDetailViewModel.swift; sourceTree = "<group>"; };
/* End PBXFileReference section */

/* Begin PBXFrameworksBuildPhase section */
		D62CF7CD265560410019B3DB /* Frameworks */ = {
			isa = PBXFrameworksBuildPhase;
			buildActionMask = 2147483647;
			files = (
				D62CF80D26556B420019B3DB /* RealmSwift in Frameworks */,
			);
			runOnlyForDeploymentPostprocessing = 0;
		};
		D62CF7E3265560440019B3DB /* Frameworks */ = {
			isa = PBXFrameworksBuildPhase;
			buildActionMask = 2147483647;
			files = (
			);
			runOnlyForDeploymentPostprocessing = 0;
		};
		D62CF7EE265560440019B3DB /* Frameworks */ = {
			isa = PBXFrameworksBuildPhase;
			buildActionMask = 2147483647;
			files = (
			);
			runOnlyForDeploymentPostprocessing = 0;
		};
/* End PBXFrameworksBuildPhase section */

/* Begin PBXGroup section */
		D62CF7C7265560410019B3DB = {
			isa = PBXGroup;
			children = (
				D62CF7D2265560410019B3DB /* ContactClients */,
				D62CF7E9265560440019B3DB /* ContactClientsTests */,
				D62CF7F4265560440019B3DB /* ContactClientsUITests */,
				D62CF7D1265560410019B3DB /* Products */,
			);
			sourceTree = "<group>";
		};
		D62CF7D1265560410019B3DB /* Products */ = {
			isa = PBXGroup;
			children = (
				D62CF7D0265560410019B3DB /* ContactClients.app */,
				D62CF7E6265560440019B3DB /* ContactClientsTests.xctest */,
				D62CF7F1265560440019B3DB /* ContactClientsUITests.xctest */,
			);
			name = Products;
			sourceTree = "<group>";
		};
		D62CF7D2265560410019B3DB /* ContactClients */ = {
			isa = PBXGroup;
			children = (
				D62CF7D3265560410019B3DB /* AppDelegate.swift */,
				D62CF7D5265560410019B3DB /* SceneDelegate.swift */,
				D62CF7DE265560430019B3DB /* LaunchScreen.storyboard */,
				D62CF83E2655A4750019B3DB /* Utils */,
				D62CF83C2655A2CB0019B3DB /* Scenes */,
				D62CF82B26558C500019B3DB /* DataAccess */,
				D62CF819265579C60019B3DB /* Resources */,
				D62CF7E1265560430019B3DB /* Info.plist */,
			);
			path = ContactClients;
			sourceTree = "<group>";
		};
		D62CF7E9265560440019B3DB /* ContactClientsTests */ = {
			isa = PBXGroup;
			children = (
				D62CF7EA265560440019B3DB /* ContactClientsTests.swift */,
				D62CF7EC265560440019B3DB /* Info.plist */,
			);
			path = ContactClientsTests;
			sourceTree = "<group>";
		};
		D62CF7F4265560440019B3DB /* ContactClientsUITests */ = {
			isa = PBXGroup;
			children = (
				D62CF7F5265560440019B3DB /* ContactClientsUITests.swift */,
				D62CF7F7265560440019B3DB /* Info.plist */,
			);
			path = ContactClientsUITests;
			sourceTree = "<group>";
		};
		D62CF80F26556DF30019B3DB /* Extensions */ = {
			isa = PBXGroup;
			children = (
				D62CF8402655A4D00019B3DB /* String+Extensions.swift */,
				D62CF8412655A4D00019B3DB /* UIColor+Extensions.swift */,
				D62CF83F2655A4D00019B3DB /* UIView+Extensions.swift */,
			);
			name = Extensions;
			path = ..;
			sourceTree = "<group>";
		};
		D62CF819265579C60019B3DB /* Resources */ = {
			isa = PBXGroup;
			children = (
				D62CF7DC265560430019B3DB /* Assets.xcassets */,
				D62CF81A26557AC30019B3DB /* Localizable.strings */,
			);
			name = Resources;
			sourceTree = "<group>";
		};
		D62CF82526558A2E0019B3DB /* DTOs */ = {
			isa = PBXGroup;
			children = (
				D62CF82626558A760019B3DB /* ClientDTO.swift */,
				D62CF82826558B880019B3DB /* AddressDTO.swift */,
				D62CF83326558E3A0019B3DB /* MapperProtocol.swift */,
			);
			name = DTOs;
			path = ..;
			sourceTree = "<group>";
		};
		D62CF82B26558C500019B3DB /* DataAccess */ = {
			isa = PBXGroup;
			children = (
				D62CF82526558A2E0019B3DB /* DTOs */,
				D62CF83026558DC50019B3DB /* Models */,
				D62CF83526558F1F0019B3DB /* Repository */,
				D62CF82C26558CB30019B3DB /* DataManager.swift */,
				D62CF82E26558CF70019B3DB /* RealmDataManager.swift */,
				D62CF83126558E000019B3DB /* RealmProvider.swift */,
			);
			path = DataAccess;
			sourceTree = "<group>";
		};
		D62CF83026558DC50019B3DB /* Models */ = {
			isa = PBXGroup;
			children = (
				D62CF83626558F990019B3DB /* Client.swift */,
				D62CF8382655904D0019B3DB /* Address.swift */,
			);
			path = Models;
			sourceTree = "<group>";
		};
		D62CF83526558F1F0019B3DB /* Repository */ = {
			isa = PBXGroup;
			children = (
				D62CF83A265594810019B3DB /* BaseRepository.swift */,
			);
			path = Repository;
			sourceTree = "<group>";
		};
		D62CF83C2655A2CB0019B3DB /* Scenes */ = {
			isa = PBXGroup;
			children = (
				D62CF84E2655A53C0019B3DB /* ContactDetails */,
				D62CF84D2655A51B0019B3DB /* ContactList */,
				D62CF83D2655A32D0019B3DB /* NewClient */,
			);
			path = Scenes;
			sourceTree = "<group>";
		};
		D62CF83D2655A32D0019B3DB /* NewClient */ = {
			isa = PBXGroup;
			children = (
				D62CF8462655A4F00019B3DB /* NewContactView.swift */,
				D62CF8452655A4F00019B3DB /* NewContactViewModel.swift */,
			);
			name = NewClient;
			sourceTree = "<group>";
		};
		D62CF83E2655A4750019B3DB /* Utils */ = {
			isa = PBXGroup;
			children = (
				D62CF80F26556DF30019B3DB /* Extensions */,
			);
			path = Utils;
			sourceTree = "<group>";
		};
		D62CF84D2655A51B0019B3DB /* ContactList */ = {
			isa = PBXGroup;
			children = (
				D62CF84A2655A5070019B3DB /* ContactListView.swift */,
				D62CF8492655A5070019B3DB /* ContactListViewModel.swift */,
			);
			name = ContactList;
			sourceTree = "<group>";
		};
		D62CF84E2655A53C0019B3DB /* ContactDetails */ = {
			isa = PBXGroup;
			children = (
				D62CF84F2655A54F0019B3DB /* ContactDetailsView.swift */,
				D62CF8502655A54F0019B3DB /* ContactDetailViewModel.swift */,
			);
			name = ContactDetails;
			sourceTree = "<group>";
		};
/* End PBXGroup section */

/* Begin PBXNativeTarget section */
		D62CF7CF265560410019B3DB /* ContactClients */ = {
			isa = PBXNativeTarget;
			buildConfigurationList = D62CF7FA265560440019B3DB /* Build configuration list for PBXNativeTarget "ContactClients" */;
			buildPhases = (
				D62CF7CC265560410019B3DB /* Sources */,
				D62CF7CD265560410019B3DB /* Frameworks */,
				D62CF7CE265560410019B3DB /* Resources */,
			);
			buildRules = (
			);
			dependencies = (
			);
			name = ContactClients;
			packageProductDependencies = (
				D62CF80C26556B420019B3DB /* RealmSwift */,
			);
			productName = ContactClients;
			productReference = D62CF7D0265560410019B3DB /* ContactClients.app */;
			productType = "com.apple.product-type.application";
		};
		D62CF7E5265560440019B3DB /* ContactClientsTests */ = {
			isa = PBXNativeTarget;
			buildConfigurationList = D62CF7FD265560440019B3DB /* Build configuration list for PBXNativeTarget "ContactClientsTests" */;
			buildPhases = (
				D62CF7E2265560440019B3DB /* Sources */,
				D62CF7E3265560440019B3DB /* Frameworks */,
				D62CF7E4265560440019B3DB /* Resources */,
			);
			buildRules = (
			);
			dependencies = (
				D62CF7E8265560440019B3DB /* PBXTargetDependency */,
			);
			name = ContactClientsTests;
			productName = ContactClientsTests;
			productReference = D62CF7E6265560440019B3DB /* ContactClientsTests.xctest */;
			productType = "com.apple.product-type.bundle.unit-test";
		};
		D62CF7F0265560440019B3DB /* ContactClientsUITests */ = {
			isa = PBXNativeTarget;
			buildConfigurationList = D62CF800265560440019B3DB /* Build configuration list for PBXNativeTarget "ContactClientsUITests" */;
			buildPhases = (
				D62CF7ED265560440019B3DB /* Sources */,
				D62CF7EE265560440019B3DB /* Frameworks */,
				D62CF7EF265560440019B3DB /* Resources */,
			);
			buildRules = (
			);
			dependencies = (
				D62CF7F3265560440019B3DB /* PBXTargetDependency */,
			);
			name = ContactClientsUITests;
			productName = ContactClientsUITests;
			productReference = D62CF7F1265560440019B3DB /* ContactClientsUITests.xctest */;
			productType = "com.apple.product-type.bundle.ui-testing";
		};
/* End PBXNativeTarget section */

/* Begin PBXProject section */
		D62CF7C8265560410019B3DB /* Project object */ = {
			isa = PBXProject;
			attributes = {
				LastSwiftUpdateCheck = 1250;
				LastUpgradeCheck = 1250;
				TargetAttributes = {
					D62CF7CF265560410019B3DB = {
						CreatedOnToolsVersion = 12.5;
					};
					D62CF7E5265560440019B3DB = {
						CreatedOnToolsVersion = 12.5;
						TestTargetID = D62CF7CF265560410019B3DB;
					};
					D62CF7F0265560440019B3DB = {
						CreatedOnToolsVersion = 12.5;
						TestTargetID = D62CF7CF265560410019B3DB;
					};
				};
			};
			buildConfigurationList = D62CF7CB265560410019B3DB /* Build configuration list for PBXProject "ContactClients" */;
			compatibilityVersion = "Xcode 9.3";
			developmentRegion = en;
			hasScannedForEncodings = 0;
			knownRegions = (
				en,
				Base,
			);
			mainGroup = D62CF7C7265560410019B3DB;
			packageReferences = (
				D62CF80B26556B420019B3DB /* XCRemoteSwiftPackageReference "realm-cocoa" */,
			);
			productRefGroup = D62CF7D1265560410019B3DB /* Products */;
			projectDirPath = "";
			projectRoot = "";
			targets = (
				D62CF7CF265560410019B3DB /* ContactClients */,
				D62CF7E5265560440019B3DB /* ContactClientsTests */,
				D62CF7F0265560440019B3DB /* ContactClientsUITests */,
			);
		};
/* End PBXProject section */

/* Begin PBXResourcesBuildPhase section */
		D62CF7CE265560410019B3DB /* Resources */ = {
			isa = PBXResourcesBuildPhase;
			buildActionMask = 2147483647;
			files = (
				D62CF7E0265560430019B3DB /* LaunchScreen.storyboard in Resources */,
				D62CF81B26557AC30019B3DB /* Localizable.strings in Resources */,
				D62CF7DD265560430019B3DB /* Assets.xcassets in Resources */,
			);
			runOnlyForDeploymentPostprocessing = 0;
		};
		D62CF7E4265560440019B3DB /* Resources */ = {
			isa = PBXResourcesBuildPhase;
			buildActionMask = 2147483647;
			files = (
			);
			runOnlyForDeploymentPostprocessing = 0;
		};
		D62CF7EF265560440019B3DB /* Resources */ = {
			isa = PBXResourcesBuildPhase;
			buildActionMask = 2147483647;
			files = (
			);
			runOnlyForDeploymentPostprocessing = 0;
		};
/* End PBXResourcesBuildPhase section */

/* Begin PBXSourcesBuildPhase section */
		D62CF7CC265560410019B3DB /* Sources */ = {
			isa = PBXSourcesBuildPhase;
			buildActionMask = 2147483647;
			files = (
				D62CF8422655A4D00019B3DB /* UIView+Extensions.swift in Sources */,
				D62CF82926558B880019B3DB /* AddressDTO.swift in Sources */,
				D62CF82D26558CB30019B3DB /* DataManager.swift in Sources */,
				D62CF82726558A760019B3DB /* ClientDTO.swift in Sources */,
				D62CF8392655904D0019B3DB /* Address.swift in Sources */,
				D62CF7D4265560410019B3DB /* AppDelegate.swift in Sources */,
				D62CF8472655A4F00019B3DB /* NewContactViewModel.swift in Sources */,
				D62CF83726558F990019B3DB /* Client.swift in Sources */,
				D62CF8432655A4D00019B3DB /* String+Extensions.swift in Sources */,
				D62CF84B2655A5080019B3DB /* ContactListViewModel.swift in Sources */,
				D62CF83426558E3A0019B3DB /* MapperProtocol.swift in Sources */,
				D62CF83226558E000019B3DB /* RealmProvider.swift in Sources */,
				D62CF8512655A54F0019B3DB /* ContactDetailsView.swift in Sources */,
				D62CF8482655A4F00019B3DB /* NewContactView.swift in Sources */,
				D62CF7D6265560410019B3DB /* SceneDelegate.swift in Sources */,
				D62CF83B265594810019B3DB /* BaseRepository.swift in Sources */,
				D62CF84C2655A5080019B3DB /* ContactListView.swift in Sources */,
				D62CF8442655A4D00019B3DB /* UIColor+Extensions.swift in Sources */,
				D62CF8522655A54F0019B3DB /* ContactDetailViewModel.swift in Sources */,
				D62CF82F26558CF70019B3DB /* RealmDataManager.swift in Sources */,
			);
			runOnlyForDeploymentPostprocessing = 0;
		};
		D62CF7E2265560440019B3DB /* Sources */ = {
			isa = PBXSourcesBuildPhase;
			buildActionMask = 2147483647;
			files = (
				D62CF7EB265560440019B3DB /* ContactClientsTests.swift in Sources */,
			);
			runOnlyForDeploymentPostprocessing = 0;
		};
		D62CF7ED265560440019B3DB /* Sources */ = {
			isa = PBXSourcesBuildPhase;
			buildActionMask = 2147483647;
			files = (
				D62CF7F6265560440019B3DB /* ContactClientsUITests.swift in Sources */,
			);
			runOnlyForDeploymentPostprocessing = 0;
		};
/* End PBXSourcesBuildPhase section */

/* Begin PBXTargetDependency section */
		D62CF7E8265560440019B3DB /* PBXTargetDependency */ = {
			isa = PBXTargetDependency;
			target = D62CF7CF265560410019B3DB /* ContactClients */;
			targetProxy = D62CF7E7265560440019B3DB /* PBXContainerItemProxy */;
		};
		D62CF7F3265560440019B3DB /* PBXTargetDependency */ = {
			isa = PBXTargetDependency;
			target = D62CF7CF265560410019B3DB /* ContactClients */;
			targetProxy = D62CF7F2265560440019B3DB /* PBXContainerItemProxy */;
		};
/* End PBXTargetDependency section */

/* Begin PBXVariantGroup section */
		D62CF7DE265560430019B3DB /* LaunchScreen.storyboard */ = {
			isa = PBXVariantGroup;
			children = (
				D62CF7DF265560430019B3DB /* Base */,
			);
			name = LaunchScreen.storyboard;
			sourceTree = "<group>";
		};
/* End PBXVariantGroup section */

/* Begin XCBuildConfiguration section */
		D62CF7F8265560440019B3DB /* Debug */ = {
			isa = XCBuildConfiguration;
			buildSettings = {
				ALWAYS_SEARCH_USER_PATHS = NO;
				CLANG_ANALYZER_NONNULL = YES;
				CLANG_ANALYZER_NUMBER_OBJECT_CONVERSION = YES_AGGRESSIVE;
				CLANG_CXX_LANGUAGE_STANDARD = "gnu++14";
				CLANG_CXX_LIBRARY = "libc++";
				CLANG_ENABLE_MODULES = YES;
				CLANG_ENABLE_OBJC_ARC = YES;
				CLANG_ENABLE_OBJC_WEAK = YES;
				CLANG_WARN_BLOCK_CAPTURE_AUTORELEASING = YES;
				CLANG_WARN_BOOL_CONVERSION = YES;
				CLANG_WARN_COMMA = YES;
				CLANG_WARN_CONSTANT_CONVERSION = YES;
				CLANG_WARN_DEPRECATED_OBJC_IMPLEMENTATIONS = YES;
				CLANG_WARN_DIRECT_OBJC_ISA_USAGE = YES_ERROR;
				CLANG_WARN_DOCUMENTATION_COMMENTS = YES;
				CLANG_WARN_EMPTY_BODY = YES;
				CLANG_WARN_ENUM_CONVERSION = YES;
				CLANG_WARN_INFINITE_RECURSION = YES;
				CLANG_WARN_INT_CONVERSION = YES;
				CLANG_WARN_NON_LITERAL_NULL_CONVERSION = YES;
				CLANG_WARN_OBJC_IMPLICIT_RETAIN_SELF = YES;
				CLANG_WARN_OBJC_LITERAL_CONVERSION = YES;
				CLANG_WARN_OBJC_ROOT_CLASS = YES_ERROR;
				CLANG_WARN_QUOTED_INCLUDE_IN_FRAMEWORK_HEADER = YES;
				CLANG_WARN_RANGE_LOOP_ANALYSIS = YES;
				CLANG_WARN_STRICT_PROTOTYPES = YES;
				CLANG_WARN_SUSPICIOUS_MOVE = YES;
				CLANG_WARN_UNGUARDED_AVAILABILITY = YES_AGGRESSIVE;
				CLANG_WARN_UNREACHABLE_CODE = YES;
				CLANG_WARN__DUPLICATE_METHOD_MATCH = YES;
				COPY_PHASE_STRIP = NO;
				DEBUG_INFORMATION_FORMAT = dwarf;
				ENABLE_STRICT_OBJC_MSGSEND = YES;
				ENABLE_TESTABILITY = YES;
				GCC_C_LANGUAGE_STANDARD = gnu11;
				GCC_DYNAMIC_NO_PIC = NO;
				GCC_NO_COMMON_BLOCKS = YES;
				GCC_OPTIMIZATION_LEVEL = 0;
				GCC_PREPROCESSOR_DEFINITIONS = (
					"DEBUG=1",
					"$(inherited)",
				);
				GCC_WARN_64_TO_32_BIT_CONVERSION = YES;
				GCC_WARN_ABOUT_RETURN_TYPE = YES_ERROR;
				GCC_WARN_UNDECLARED_SELECTOR = YES;
				GCC_WARN_UNINITIALIZED_AUTOS = YES_AGGRESSIVE;
				GCC_WARN_UNUSED_FUNCTION = YES;
				GCC_WARN_UNUSED_VARIABLE = YES;
				IPHONEOS_DEPLOYMENT_TARGET = 14.5;
				MTL_ENABLE_DEBUG_INFO = INCLUDE_SOURCE;
				MTL_FAST_MATH = YES;
				ONLY_ACTIVE_ARCH = YES;
				SDKROOT = iphoneos;
				SWIFT_ACTIVE_COMPILATION_CONDITIONS = DEBUG;
				SWIFT_OPTIMIZATION_LEVEL = "-Onone";
			};
			name = Debug;
		};
		D62CF7F9265560440019B3DB /* Release */ = {
			isa = XCBuildConfiguration;
			buildSettings = {
				ALWAYS_SEARCH_USER_PATHS = NO;
				CLANG_ANALYZER_NONNULL = YES;
				CLANG_ANALYZER_NUMBER_OBJECT_CONVERSION = YES_AGGRESSIVE;
				CLANG_CXX_LANGUAGE_STANDARD = "gnu++14";
				CLANG_CXX_LIBRARY = "libc++";
				CLANG_ENABLE_MODULES = YES;
				CLANG_ENABLE_OBJC_ARC = YES;
				CLANG_ENABLE_OBJC_WEAK = YES;
				CLANG_WARN_BLOCK_CAPTURE_AUTORELEASING = YES;
				CLANG_WARN_BOOL_CONVERSION = YES;
				CLANG_WARN_COMMA = YES;
				CLANG_WARN_CONSTANT_CONVERSION = YES;
				CLANG_WARN_DEPRECATED_OBJC_IMPLEMENTATIONS = YES;
				CLANG_WARN_DIRECT_OBJC_ISA_USAGE = YES_ERROR;
				CLANG_WARN_DOCUMENTATION_COMMENTS = YES;
				CLANG_WARN_EMPTY_BODY = YES;
				CLANG_WARN_ENUM_CONVERSION = YES;
				CLANG_WARN_INFINITE_RECURSION = YES;
				CLANG_WARN_INT_CONVERSION = YES;
				CLANG_WARN_NON_LITERAL_NULL_CONVERSION = YES;
				CLANG_WARN_OBJC_IMPLICIT_RETAIN_SELF = YES;
				CLANG_WARN_OBJC_LITERAL_CONVERSION = YES;
				CLANG_WARN_OBJC_ROOT_CLASS = YES_ERROR;
				CLANG_WARN_QUOTED_INCLUDE_IN_FRAMEWORK_HEADER = YES;
				CLANG_WARN_RANGE_LOOP_ANALYSIS = YES;
				CLANG_WARN_STRICT_PROTOTYPES = YES;
				CLANG_WARN_SUSPICIOUS_MOVE = YES;
				CLANG_WARN_UNGUARDED_AVAILABILITY = YES_AGGRESSIVE;
				CLANG_WARN_UNREACHABLE_CODE = YES;
				CLANG_WARN__DUPLICATE_METHOD_MATCH = YES;
				COPY_PHASE_STRIP = NO;
				DEBUG_INFORMATION_FORMAT = "dwarf-with-dsym";
				ENABLE_NS_ASSERTIONS = NO;
				ENABLE_STRICT_OBJC_MSGSEND = YES;
				GCC_C_LANGUAGE_STANDARD = gnu11;
				GCC_NO_COMMON_BLOCKS = YES;
				GCC_WARN_64_TO_32_BIT_CONVERSION = YES;
				GCC_WARN_ABOUT_RETURN_TYPE = YES_ERROR;
				GCC_WARN_UNDECLARED_SELECTOR = YES;
				GCC_WARN_UNINITIALIZED_AUTOS = YES_AGGRESSIVE;
				GCC_WARN_UNUSED_FUNCTION = YES;
				GCC_WARN_UNUSED_VARIABLE = YES;
				IPHONEOS_DEPLOYMENT_TARGET = 14.5;
				MTL_ENABLE_DEBUG_INFO = NO;
				MTL_FAST_MATH = YES;
				SDKROOT = iphoneos;
				SWIFT_COMPILATION_MODE = wholemodule;
				SWIFT_OPTIMIZATION_LEVEL = "-O";
				VALIDATE_PRODUCT = YES;
			};
			name = Release;
		};
		D62CF7FB265560440019B3DB /* Debug */ = {
			isa = XCBuildConfiguration;
			buildSettings = {
				ASSETCATALOG_COMPILER_APPICON_NAME = AppIcon;
				ASSETCATALOG_COMPILER_GLOBAL_ACCENT_COLOR_NAME = AccentColor;
				CODE_SIGN_STYLE = Automatic;
				DEVELOPMENT_TEAM = Z5B7CX3X56;
				INFOPLIST_FILE = ContactClients/Info.plist;
				LD_RUNPATH_SEARCH_PATHS = (
					"$(inherited)",
					"@executable_path/Frameworks",
				);
				PRODUCT_BUNDLE_IDENTIFIER = com.testmy.ContactClients;
				PRODUCT_NAME = "$(TARGET_NAME)";
				SWIFT_VERSION = 5.0;
				TARGETED_DEVICE_FAMILY = 1;
			};
			name = Debug;
		};
		D62CF7FC265560440019B3DB /* Release */ = {
			isa = XCBuildConfiguration;
			buildSettings = {
				ASSETCATALOG_COMPILER_APPICON_NAME = AppIcon;
				ASSETCATALOG_COMPILER_GLOBAL_ACCENT_COLOR_NAME = AccentColor;
				CODE_SIGN_STYLE = Automatic;
				DEVELOPMENT_TEAM = Z5B7CX3X56;
				INFOPLIST_FILE = ContactClients/Info.plist;
				LD_RUNPATH_SEARCH_PATHS = (
					"$(inherited)",
					"@executable_path/Frameworks",
				);
				PRODUCT_BUNDLE_IDENTIFIER = com.testmy.ContactClients;
				PRODUCT_NAME = "$(TARGET_NAME)";
				SWIFT_VERSION = 5.0;
				TARGETED_DEVICE_FAMILY = 1;
			};
			name = Release;
		};
		D62CF7FE265560440019B3DB /* Debug */ = {
			isa = XCBuildConfiguration;
			buildSettings = {
				ALWAYS_EMBED_SWIFT_STANDARD_LIBRARIES = YES;
				BUNDLE_LOADER = "$(TEST_HOST)";
				CODE_SIGN_STYLE = Automatic;
				DEVELOPMENT_TEAM = Z5B7CX3X56;
				INFOPLIST_FILE = ContactClientsTests/Info.plist;
				IPHONEOS_DEPLOYMENT_TARGET = 14.5;
				LD_RUNPATH_SEARCH_PATHS = (
					"$(inherited)",
					"@executable_path/Frameworks",
					"@loader_path/Frameworks",
				);
				PRODUCT_BUNDLE_IDENTIFIER = com.testmy.ContactClientsTests;
				PRODUCT_NAME = "$(TARGET_NAME)";
				SWIFT_VERSION = 5.0;
				TARGETED_DEVICE_FAMILY = "1,2";
				TEST_HOST = "$(BUILT_PRODUCTS_DIR)/ContactClients.app/ContactClients";
			};
			name = Debug;
		};
		D62CF7FF265560440019B3DB /* Release */ = {
			isa = XCBuildConfiguration;
			buildSettings = {
				ALWAYS_EMBED_SWIFT_STANDARD_LIBRARIES = YES;
				BUNDLE_LOADER = "$(TEST_HOST)";
				CODE_SIGN_STYLE = Automatic;
				DEVELOPMENT_TEAM = Z5B7CX3X56;
				INFOPLIST_FILE = ContactClientsTests/Info.plist;
				IPHONEOS_DEPLOYMENT_TARGET = 14.5;
				LD_RUNPATH_SEARCH_PATHS = (
					"$(inherited)",
					"@executable_path/Frameworks",
					"@loader_path/Frameworks",
				);
				PRODUCT_BUNDLE_IDENTIFIER = com.testmy.ContactClientsTests;
				PRODUCT_NAME = "$(TARGET_NAME)";
				SWIFT_VERSION = 5.0;
				TARGETED_DEVICE_FAMILY = "1,2";
				TEST_HOST = "$(BUILT_PRODUCTS_DIR)/ContactClients.app/ContactClients";
			};
			name = Release;
		};
		D62CF801265560440019B3DB /* Debug */ = {
			isa = XCBuildConfiguration;
			buildSettings = {
				ALWAYS_EMBED_SWIFT_STANDARD_LIBRARIES = YES;
				CODE_SIGN_STYLE = Automatic;
				DEVELOPMENT_TEAM = Z5B7CX3X56;
				INFOPLIST_FILE = ContactClientsUITests/Info.plist;
				LD_RUNPATH_SEARCH_PATHS = (
					"$(inherited)",
					"@executable_path/Frameworks",
					"@loader_path/Frameworks",
				);
				PRODUCT_BUNDLE_IDENTIFIER = com.testmy.ContactClientsUITests;
				PRODUCT_NAME = "$(TARGET_NAME)";
				SWIFT_VERSION = 5.0;
				TARGETED_DEVICE_FAMILY = "1,2";
				TEST_TARGET_NAME = ContactClients;
			};
			name = Debug;
		};
		D62CF802265560440019B3DB /* Release */ = {
			isa = XCBuildConfiguration;
			buildSettings = {
				ALWAYS_EMBED_SWIFT_STANDARD_LIBRARIES = YES;
				CODE_SIGN_STYLE = Automatic;
				DEVELOPMENT_TEAM = Z5B7CX3X56;
				INFOPLIST_FILE = ContactClientsUITests/Info.plist;
				LD_RUNPATH_SEARCH_PATHS = (
					"$(inherited)",
					"@executable_path/Frameworks",
					"@loader_path/Frameworks",
				);
				PRODUCT_BUNDLE_IDENTIFIER = com.testmy.ContactClientsUITests;
				PRODUCT_NAME = "$(TARGET_NAME)";
				SWIFT_VERSION = 5.0;
				TARGETED_DEVICE_FAMILY = "1,2";
				TEST_TARGET_NAME = ContactClients;
			};
			name = Release;
		};
/* End XCBuildConfiguration section */

/* Begin XCConfigurationList section */
		D62CF7CB265560410019B3DB /* Build configuration list for PBXProject "ContactClients" */ = {
			isa = XCConfigurationList;
			buildConfigurations = (
				D62CF7F8265560440019B3DB /* Debug */,
				D62CF7F9265560440019B3DB /* Release */,
			);
			defaultConfigurationIsVisible = 0;
			defaultConfigurationName = Release;
		};
		D62CF7FA265560440019B3DB /* Build configuration list for PBXNativeTarget "ContactClients" */ = {
			isa = XCConfigurationList;
			buildConfigurations = (
				D62CF7FB265560440019B3DB /* Debug */,
				D62CF7FC265560440019B3DB /* Release */,
			);
			defaultConfigurationIsVisible = 0;
			defaultConfigurationName = Release;
		};
		D62CF7FD265560440019B3DB /* Build configuration list for PBXNativeTarget "ContactClientsTests" */ = {
			isa = XCConfigurationList;
			buildConfigurations = (
				D62CF7FE265560440019B3DB /* Debug */,
				D62CF7FF265560440019B3DB /* Release */,
			);
			defaultConfigurationIsVisible = 0;
			defaultConfigurationName = Release;
		};
		D62CF800265560440019B3DB /* Build configuration list for PBXNativeTarget "ContactClientsUITests" */ = {
			isa = XCConfigurationList;
			buildConfigurations = (
				D62CF801265560440019B3DB /* Debug */,
				D62CF802265560440019B3DB /* Release */,
			);
			defaultConfigurationIsVisible = 0;
			defaultConfigurationName = Release;
		};
/* End XCConfigurationList section */

/* Begin XCRemoteSwiftPackageReference section */
		D62CF80B26556B420019B3DB /* XCRemoteSwiftPackageReference "realm-cocoa" */ = {
			isa = XCRemoteSwiftPackageReference;
			repositoryURL = "https://github.com/realm/realm-cocoa";
			requirement = {
				kind = upToNextMajorVersion;
				minimumVersion = 10.7.6;
			};
		};
/* End XCRemoteSwiftPackageReference section */

/* Begin XCSwiftPackageProductDependency section */
		D62CF80C26556B420019B3DB /* RealmSwift */ = {
			isa = XCSwiftPackageProductDependency;
			package = D62CF80B26556B420019B3DB /* XCRemoteSwiftPackageReference "realm-cocoa" */;
			productName = RealmSwift;
		};
/* End XCSwiftPackageProductDependency section */
	};
	rootObject = D62CF7C8265560410019B3DB /* Project object */;
}
